Microsoft Visual Studio Solution File, Format Version 12.00
# Visual Studio Version 17
VisualStudioVersion = 17.13.35913.81
MinimumVisualStudioVersion = 10.0.40219.1
Project("{FAE04EC0-301F-11D3-BF4B-00C04F79EFBC}") = "CalculatorApp", "CalculatorApp\CalculatorApp.csproj", "{B4A919E7-DE01-4672-85F9-5A466AC9CE51}"
EndProject
Project("{FAE04EC0-301F-11D3-BF4B-00C04F79EFBC}") = "CalculatorCore", "CalculatorCore\CalculatorCore.csproj", "{DEF7A09D-6009-4216-929A-27A67FAC6B75}"
EndProject
Project("{FAE04EC0-301F-11D3-BF4B-00C04F79EFBC}") = "CalculatorCore.Tests", "CalculatorCore.Tests\CalculatorCore.Tests.csproj", "{21050492-B30A-4089-80CC-5DCFEAD89625}"
EndProject
Global
	GlobalSection(SolutionConfigurationPlatforms) = preSolution
		Debug|Any CPU = Debug|Any CPU
		Debug|ARM64 = Debug|ARM64
		Debug|x64 = Debug|x64
		Release|Any CPU = Release|Any CPU
		Release|ARM64 = Release|ARM64
		Release|x64 = Release|x64
		Test|Any CPU = Test|Any CPU
		Test|ARM64 = Test|ARM64
		Test|x64 = Test|x64
	EndGlobalSection
	GlobalSection(ProjectConfigurationPlatforms) = postSolution
		{B4A919E7-DE01-4672-85F9-5A466AC9CE51}.Debug|Any CPU.ActiveCfg = Debug|Any CPU
		{B4A919E7-DE01-4672-85F9-5A466AC9CE51}.Debug|Any CPU.Build.0 = Debug|Any CPU
		{B4A919E7-DE01-4672-85F9-5A466AC9CE51}.Debug|Any CPU.Deploy.0 = Debug|Any CPU
		{B4A919E7-DE01-4672-85F9-5A466AC9CE51}.Debug|ARM64.ActiveCfg = Debug|ARM64
		{B4A919E7-DE01-4672-85F9-5A466AC9CE51}.Debug|ARM64.Build.0 = Debug|ARM64
		{B4A919E7-DE01-4672-85F9-5A466AC9CE51}.Debug|ARM64.Deploy.0 = Debug|ARM64
		{B4A919E7-DE01-4672-85F9-5A466AC9CE51}.Debug|x64.ActiveCfg = Debug|x64
		{B4A919E7-DE01-4672-85F9-5A466AC9CE51}.Debug|x64.Build.0 = Debug|x64
		{B4A919E7-DE01-4672-85F9-5A466AC9CE51}.Debug|x64.Deploy.0 = Debug|x64
		{B4A919E7-DE01-4672-85F9-5A466AC9CE51}.Release|Any CPU.ActiveCfg = Release|Any CPU
		{B4A919E7-DE01-4672-85F9-5A466AC9CE51}.Release|Any CPU.Build.0 = Release|Any CPU
		{B4A919E7-DE01-4672-85F9-5A466AC9CE51}.Release|Any CPU.Deploy.0 = Release|Any CPU
		{B4A919E7-DE01-4672-85F9-5A466AC9CE51}.Release|ARM64.ActiveCfg = Release|ARM64
		{B4A919E7-DE01-4672-85F9-5A466AC9CE51}.Release|ARM64.Build.0 = Release|ARM64
		{B4A919E7-DE01-4672-85F9-5A466AC9CE51}.Release|ARM64.Deploy.0 = Release|ARM64
		{B4A919E7-DE01-4672-85F9-5A466AC9CE51}.Release|x64.ActiveCfg = Release|x64
		{B4A919E7-DE01-4672-85F9-5A466AC9CE51}.Release|x64.Build.0 = Release|x64
		{B4A919E7-DE01-4672-85F9-5A466AC9CE51}.Release|x64.Deploy.0 = Release|x64
		{B4A919E7-DE01-4672-85F9-5A466AC9CE51}.Test|Any CPU.ActiveCfg = Test|Any CPU
		{B4A919E7-DE01-4672-85F9-5A466AC9CE51}.Test|Any CPU.Build.0 = Test|Any CPU
		{B4A919E7-DE01-4672-85F9-5A466AC9CE51}.Test|Any CPU.Deploy.0 = Test|Any CPU
		{B4A919E7-DE01-4672-85F9-5A466AC9CE51}.Test|ARM64.ActiveCfg = Test|ARM64
		{B4A919E7-DE01-4672-85F9-5A466AC9CE51}.Test|ARM64.Build.0 = Test|ARM64
		{B4A919E7-DE01-4672-85F9-5A466AC9CE51}.Test|ARM64.Deploy.0 = Test|ARM64
		{B4A919E7-DE01-4672-85F9-5A466AC9CE51}.Test|x64.ActiveCfg = Test|x64
		{B4A919E7-DE01-4672-85F9-5A466AC9CE51}.Test|x64.Build.0 = Test|x64
		{B4A919E7-DE01-4672-85F9-5A466AC9CE51}.Test|x64.Deploy.0 = Test|x64
		{DEF7A09D-6009-4216-929A-27A67FAC6B75}.Debug|Any CPU.ActiveCfg = Debug|Any CPU
		{DEF7A09D-6009-4216-929A-27A67FAC6B75}.Debug|Any CPU.Build.0 = Debug|Any CPU
		{DEF7A09D-6009-4216-929A-27A67FAC6B75}.Debug|ARM64.ActiveCfg = Debug|ARM64
		{DEF7A09D-6009-4216-929A-27A67FAC6B75}.Debug|ARM64.Build.0 = Debug|ARM64
		{DEF7A09D-6009-4216-929A-27A67FAC6B75}.Debug|x64.ActiveCfg = Debug|x64
		{DEF7A09D-6009-4216-929A-27A67FAC6B75}.Debug|x64.Build.0 = Debug|x64
		{DEF7A09D-6009-4216-929A-27A67FAC6B75}.Release|Any CPU.ActiveCfg = Release|Any CPU
		{DEF7A09D-6009-4216-929A-27A67FAC6B75}.Release|Any CPU.Build.0 = Release|Any CPU
		{DEF7A09D-6009-4216-929A-27A67FAC6B75}.Release|ARM64.ActiveCfg = Release|ARM64
		{DEF7A09D-6009-4216-929A-27A67FAC6B75}.Release|ARM64.Build.0 = Release|ARM64
		{DEF7A09D-6009-4216-929A-27A67FAC6B75}.Release|x64.ActiveCfg = Release|x64
		{DEF7A09D-6009-4216-929A-27A67FAC6B75}.Release|x64.Build.0 = Release|x64
		{DEF7A09D-6009-4216-929A-27A67FAC6B75}.Test|Any CPU.ActiveCfg = Test|Any CPU
		{DEF7A09D-6009-4216-929A-27A67FAC6B75}.Test|Any CPU.Build.0 = Test|Any CPU
		{DEF7A09D-6009-4216-929A-27A67FAC6B75}.Test|ARM64.ActiveCfg = Test|ARM64
		{DEF7A09D-6009-4216-929A-27A67FAC6B75}.Test|ARM64.Build.0 = Test|ARM64
		{DEF7A09D-6009-4216-929A-27A67FAC6B75}.Test|x64.ActiveCfg = Test|x64
		{DEF7A09D-6009-4216-929A-27A67FAC6B75}.Test|x64.Build.0 = Test|x64
		{21050492-B30A-4089-80CC-5DCFEAD89625}.Debug|Any CPU.ActiveCfg = Debug|Any CPU
		{21050492-B30A-4089-80CC-5DCFEAD89625}.Debug|Any CPU.Build.0 = Debug|Any CPU
		{21050492-B30A-4089-80CC-5DCFEAD89625}.Debug|ARM64.ActiveCfg = Debug|ARM64
		{21050492-B30A-4089-80CC-5DCFEAD89625}.Debug|x64.ActiveCfg = Debug|x64
		{21050492-B30A-4089-80CC-5DCFEAD89625}.Release|Any CPU.ActiveCfg = Release|Any CPU
		{21050492-B30A-4089-80CC-5DCFEAD89625}.Release|Any CPU.Build.0 = Release|Any CPU
		{21050492-B30A-4089-80CC-5DCFEAD89625}.Release|ARM64.ActiveCfg = Release|ARM64
		{21050492-B30A-4089-80CC-5DCFEAD89625}.Release|x64.ActiveCfg = Release|x64
		{21050492-B30A-4089-80CC-5DCFEAD89625}.Test|Any CPU.ActiveCfg = Test|Any CPU
		{21050492-B30A-4089-80CC-5DCFEAD89625}.Test|ARM64.ActiveCfg = Test|ARM64
		{21050492-B30A-4089-80CC-5DCFEAD89625}.Test|x64.ActiveCfg = Test|x64
	EndGlobalSection
	GlobalSection(SolutionProperties) = preSolution
		HideSolutionNode = FALSE
	EndGlobalSection
	GlobalSection(ExtensibilityGlobals) = postSolution
		SolutionGuid = {669284BF-15B5-4515-B9C7-4099308B3F96}
	EndGlobalSection
EndGlobal
